
Microsoft Visual Studio Solution File, Format Version 12.00
# Visual Studio Version 16
VisualStudioVersion = 16.0.28922.388
MinimumVisualStudioVersion = 10.0.40219.1
Project("{FAE04EC0-301F-11D3-BF4B-00C04F79EFBC}") = "test", "test.csproj", "{A2B81EE0-DA8B-4848-817C-6313E85AA2E4}"
EndProject
Global
	GlobalSection(SolutionConfigurationPlatforms) = preSolution
		Debug|Any CPU = Debug|Any CPU
		Release|Any CPU = Release|Any CPU
	EndGlobalSection
	GlobalSection(ProjectConfigurationPlatforms) = postSolution
		{A2B81EE0-DA8B-4848-817C-6313E85AA2E4}.Debug|Any CPU.ActiveCfg = Debug|Any CPU
		{A2B81EE0-DA8B-4848-817C-6313E85AA2E4}.Debug|Any CPU.Build.0 = Debug|Any CPU
		{A2B81EE0-DA8B-4848-817C-6313E85AA2E4}.Release|Any CPU.ActiveCfg = Release|Any CPU
		{A2B81EE0-DA8B-4848-817C-6313E85AA2E4}.Release|Any CPU.Build.0 = Release|Any CPU
	EndGlobalSection
	GlobalSection(SolutionProperties) = preSolution
		HideSolutionNode = FALSE
	EndGlobalSection
	GlobalSection(ExtensibilityGlobals) = postSolution
		SolutionGuid = {9A4174EC-CCC1-4306-9D14-11E8607849A5}
	EndGlobalSection
EndGlobal
